PODS:
  - CocoaLumberjack (2.4.0):
    - CocoaLumberjack/Default (= 2.4.0)
    - CocoaLumberjack/Extensions (= 2.4.0)
  - CocoaLumberjack/Core (2.4.0)
  - CocoaLumberjack/Default (2.4.0):
    - CocoaLumberjack/Core
  - CocoaLumberjack/Extensions (2.4.0):
    - CocoaLumberjack/Default
  - KissXML (5.1.2):
    - KissXML/Core (= 5.1.2)
  - KissXML/Core (5.1.2)
  - KSCrypto (1.2.2)
  - Mantle (2.1.0):
    - Mantle/extobjc (= 2.1.0)
  - Mantle/extobjc (2.1.0)
  - MBProgressHUD (1.0.0)
  - ReactiveBeaver (0.1.1):
    - CocoaLumberjack (~> 2.0)
    - KissXML (~> 5.0)
    - KSCrypto (~> 1.2.2)
    - Mantle (~> 2.0)
    - ReactiveObjC (~> 2.0)
    - zipzap (~> 8.0)
  - ReactiveObjC (2.1.2)
  - zipzap (8.1.1)

DEPENDENCIES:
  - MBProgressHUD
  - ReactiveBeaver (from `https://github.com/skyylex/ReactiveBeaver`, branch `master`)

EXTERNAL SOURCES:
  ReactiveBeaver:
    :branch: master
    :git: https://github.com/skyylex/ReactiveBeaver

CHECKOUT OPTIONS:
  ReactiveBeaver:
    :commit: 70462f7396df4fe332206a24b4bdd5d2abc8fc27
    :git: https://github.com/skyylex/ReactiveBeaver

SPEC CHECKSUMS:
  CocoaLumberjack: aa9dcab71bdf9eaf2a63bbd9ddc87863efe45457
  KissXML: 246c842586bb77110e04fb88e19376d96245c856
  KSCrypto: 6566ebb113b05106d6963031edd3bbc30809668f
  Mantle: 2fa750afa478cd625a94230fbf1c13462f29395b
  MBProgressHUD: 4890f671c94e8a0f3cf959aa731e9de2f036d71a
  ReactiveBeaver: c925bd8d17e7e3cba58944282736c4e583485244
  ReactiveObjC: 7b6782ae39f9ac0f57205c3b0c0b69b9dd7048c0
  zipzap: 940162d9c9c60472c2eab341385e4214da0fdf1c

PODFILE CHECKSUM: afa9ed91b5f5dd2d80f01bcede97a986dc30b897

COCOAPODS: 1.1.1
